// !$*UTF8*$!
{
	archiveVersion = 1;
	classes = {
	};
	objectVersion = 56;
	objects = {

/* Begin PBXBuildFile section */
		371C737129A4AFB000FA1E22 /* RouterApp.swift in Sources */ = {isa = PBXBuildFile; fileRef = 371C737029A4AFB000FA1E22 /* RouterApp.swift */; };
		371C737329A4AFB000FA1E22 /* ContentView.swift in Sources */ = {isa = PBXBuildFile; fileRef = 371C737229A4AFB000FA1E22 /* ContentView.swift */; };
		371C737529A4AFB200FA1E22 /* Assets.xcassets in Resources */ = {isa = PBXBuildFile; fileRef = 371C737429A4AFB200FA1E22 /* Assets.xcassets */; };
		371C737829A4AFB200FA1E22 /* Preview Assets.xcassets in Resources */ = {isa = PBXBuildFile; fileRef = 371C737729A4AFB200FA1E22 /* Preview Assets.xcassets */; };
		371C738229A4AFB200FA1E22 /* RouterTests.swift in Sources */ = {isa = PBXBuildFile; fileRef = 371C738129A4AFB200FA1E22 /* RouterTests.swift */; };
		371C738C29A4AFB200FA1E22 /* RouterUITests.swift in Sources */ = {isa = PBXBuildFile; fileRef = 371C738B29A4AFB200FA1E22 /* RouterUITests.swift */; };
		371C738E29A4AFB200FA1E22 /* RouterUITestsLaunchTests.swift in Sources */ = {isa = PBXBuildFile; fileRef = 371C738D29A4AFB200FA1E22 /* RouterUITestsLaunchTests.swift */; };
		371C73A329A4B2EB00FA1E22 /* ExerciseModel.swift in Sources */ = {isa = PBXBuildFile; fileRef = 371C73A229A4B2EB00FA1E22 /* ExerciseModel.swift */; };
		371C73A529A4B46F00FA1E22 /* ExerciseViewModel.swift in Sources */ = {isa = PBXBuildFile; fileRef = 371C73A429A4B46F00FA1E22 /* ExerciseViewModel.swift */; };
		371C73A929A4B5FB00FA1E22 /* ExerciseView.swift in Sources */ = {isa = PBXBuildFile; fileRef = 371C73A829A4B5FB00FA1E22 /* ExerciseView.swift */; };
		371C73AE29A5978F00FA1E22 /* RoutineView.swift in Sources */ = {isa = PBXBuildFile; fileRef = 371C73AD29A5978F00FA1E22 /* RoutineView.swift */; };
		371C73B129A5A8CB00FA1E22 /* Datas.xcdatamodeld in Sources */ = {isa = PBXBuildFile; fileRef = 371C73AF29A5A8CB00FA1E22 /* Datas.xcdatamodeld */; };
		371C73B429A5AA4D00FA1E22 /* Persistent.swift in Sources */ = {isa = PBXBuildFile; fileRef = 371C73B329A5AA4D00FA1E22 /* Persistent.swift */; };
		37B429FB29A83A82003728E1 /* SreachBarView.swift in Sources */ = {isa = PBXBuildFile; fileRef = 37B429FA29A83A82003728E1 /* SreachBarView.swift */; };
		37B429FE29A853B1003728E1 /* ExerciseCreate.swift in Sources */ = {isa = PBXBuildFile; fileRef = 37B429FD29A853B1003728E1 /* ExerciseCreate.swift */; };
		37B42A0029A85742003728E1 /* Modifiers.swift in Sources */ = {isa = PBXBuildFile; fileRef = 37B429FF29A85742003728E1 /* Modifiers.swift */; };
		37B42A0229A868C5003728E1 /* Extension.swift in Sources */ = {isa = PBXBuildFile; fileRef = 37B42A0129A868C5003728E1 /* Extension.swift */; };
		37B42A0429A86FFF003728E1 /* Images.swift in Sources */ = {isa = PBXBuildFile; fileRef = 37B42A0329A86FFF003728E1 /* Images.swift */; };
/* End PBXBuildFile section */

/* Begin PBXContainerItemProxy section */
		371C737E29A4AFB200FA1E22 /* PBXContainerItemProxy */ = {
			isa = PBXContainerItemProxy;
			containerPortal = 371C736529A4AFB000FA1E22 /* Project object */;
			proxyType = 1;
			remoteGlobalIDString = 371C736C29A4AFB000FA1E22;
			remoteInfo = Router;
		};
		371C738829A4AFB200FA1E22 /* PBXContainerItemProxy */ = {
			isa = PBXContainerItemProxy;
			containerPortal = 371C736529A4AFB000FA1E22 /* Project object */;
			proxyType = 1;
			remoteGlobalIDString = 371C736C29A4AFB000FA1E22;
			remoteInfo = Router;
		};
/* End PBXContainerItemProxy section */

/* Begin PBXFileReference section */
		371C736D29A4AFB000FA1E22 /* Router.app */ = {isa = PBXFileReference; explicitFileType = wrapper.application; includeInIndex = 0; path = Router.app; sourceTree = BUILT_PRODUCTS_DIR; };
		371C737029A4AFB000FA1E22 /* RouterApp.swift */ = {isa = PBXFileReference; lastKnownFileType = sourcecode.swift; path = RouterApp.swift; sourceTree = "<group>"; };
		371C737229A4AFB000FA1E22 /* ContentView.swift */ = {isa = PBXFileReference; lastKnownFileType = sourcecode.swift; path = ContentView.swift; sourceTree = "<group>"; };
		371C737429A4AFB200FA1E22 /* Assets.xcassets */ = {isa = PBXFileReference; lastKnownFileType = folder.assetcatalog; path = Assets.xcassets; sourceTree = "<group>"; };
		371C737729A4AFB200FA1E22 /* Preview Assets.xcassets */ = {isa = PBXFileReference; lastKnownFileType = folder.assetcatalog; path = "Preview Assets.xcassets"; sourceTree = "<group>"; };
		371C737D29A4AFB200FA1E22 /* RouterTests.xctest */ = {isa = PBXFileReference; explicitFileType = wrapper.cfbundle; includeInIndex = 0; path = RouterTests.xctest; sourceTree = BUILT_PRODUCTS_DIR; };
		371C738129A4AFB200FA1E22 /* RouterTests.swift */ = {isa = PBXFileReference; lastKnownFileType = sourcecode.swift; path = RouterTests.swift; sourceTree = "<group>"; };
		371C738729A4AFB200FA1E22 /* RouterUITests.xctest */ = {isa = PBXFileReference; explicitFileType = wrapper.cfbundle; includeInIndex = 0; path = RouterUITests.xctest; sourceTree = BUILT_PRODUCTS_DIR; };
		371C738B29A4AFB200FA1E22 /* RouterUITests.swift */ = {isa = PBXFileReference; lastKnownFileType = sourcecode.swift; path = RouterUITests.swift; sourceTree = "<group>"; };
		371C738D29A4AFB200FA1E22 /* RouterUITestsLaunchTests.swift */ = {isa = PBXFileReference; lastKnownFileType = sourcecode.swift; path = RouterUITestsLaunchTests.swift; sourceTree = "<group>"; };
		371C73A229A4B2EB00FA1E22 /* ExerciseModel.swift */ = {isa = PBXFileReference; lastKnownFileType = sourcecode.swift; path = ExerciseModel.swift; sourceTree = "<group>"; };
		371C73A429A4B46F00FA1E22 /* ExerciseViewModel.swift */ = {isa = PBXFileReference; lastKnownFileType = sourcecode.swift; path = ExerciseViewModel.swift; sourceTree = "<group>"; };
		371C73A829A4B5FB00FA1E22 /* ExerciseView.swift */ = {isa = PBXFileReference; lastKnownFileType = sourcecode.swift; path = ExerciseView.swift; sourceTree = "<group>"; };
		371C73AD29A5978F00FA1E22 /* RoutineView.swift */ = {isa = PBXFileReference; lastKnownFileType = sourcecode.swift; path = RoutineView.swift; sourceTree = "<group>"; };
		371C73B029A5A8CB00FA1E22 /* Datas.xcdatamodel */ = {isa = PBXFileReference; lastKnownFileType = wrapper.xcdatamodel; path = Datas.xcdatamodel; sourceTree = "<group>"; };
		371C73B329A5AA4D00FA1E22 /* Persistent.swift */ = {isa = PBXFileReference; lastKnownFileType = sourcecode.swift; path = Persistent.swift; sourceTree = "<group>"; };
		37B429FA29A83A82003728E1 /* SreachBarView.swift */ = {isa = PBXFileReference; lastKnownFileType = sourcecode.swift; path = SreachBarView.swift; sourceTree = "<group>"; };
		37B429FD29A853B1003728E1 /* ExerciseCreate.swift */ = {isa = PBXFileReference; lastKnownFileType = sourcecode.swift; path = ExerciseCreate.swift; sourceTree = "<group>"; };
		37B429FF29A85742003728E1 /* Modifiers.swift */ = {isa = PBXFileReference; lastKnownFileType = sourcecode.swift; path = Modifiers.swift; sourceTree = "<group>"; };
		37B42A0129A868C5003728E1 /* Extension.swift */ = {isa = PBXFileReference; lastKnownFileType = sourcecode.swift; path = Extension.swift; sourceTree = "<group>"; };
		37B42A0329A86FFF003728E1 /* Images.swift */ = {isa = PBXFileReference; lastKnownFileType = sourcecode.swift; path = Images.swift; sourceTree = "<group>"; };
/* End PBXFileReference section */

/* Begin PBXFrameworksBuildPhase section */
		371C736A29A4AFB000FA1E22 /* Frameworks */ = {
			isa = PBXFrameworksBuildPhase;
			buildActionMask = 2147483647;
			files = (
			);
			runOnlyForDeploymentPostprocessing = 0;
		};
		371C737A29A4AFB200FA1E22 /* Frameworks */ = {
			isa = PBXFrameworksBuildPhase;
			buildActionMask = 2147483647;
			files = (
			);
			runOnlyForDeploymentPostprocessing = 0;
		};
		371C738429A4AFB200FA1E22 /* Frameworks */ = {
			isa = PBXFrameworksBuildPhase;
			buildActionMask = 2147483647;
			files = (
			);
			runOnlyForDeploymentPostprocessing = 0;
		};
/* End PBXFrameworksBuildPhase section */

/* Begin PBXGroup section */
		371C736429A4AFB000FA1E22 = {
			isa = PBXGroup;
			children = (
				371C736F29A4AFB000FA1E22 /* Router */,
				371C738029A4AFB200FA1E22 /* RouterTests */,
				371C738A29A4AFB200FA1E22 /* RouterUITests */,
				371C736E29A4AFB000FA1E22 /* Products */,
			);
			sourceTree = "<group>";
		};
		371C736E29A4AFB000FA1E22 /* Products */ = {
			isa = PBXGroup;
			children = (
				371C736D29A4AFB000FA1E22 /* Router.app */,
				371C737D29A4AFB200FA1E22 /* RouterTests.xctest */,
				371C738729A4AFB200FA1E22 /* RouterUITests.xctest */,
			);
			name = Products;
			sourceTree = "<group>";
		};
		371C736F29A4AFB000FA1E22 /* Router */ = {
			isa = PBXGroup;
			children = (
				37B429F929A83A6A003728E1 /* Common */,
				371C73A029A4B2C100FA1E22 /* Application */,
				371C73A129A4B2D600FA1E22 /* Exercise */,
				371C73AC29A5974700FA1E22 /* Routine */,
				371C737629A4AFB200FA1E22 /* Preview Content */,
				371C73B229A5AA3300FA1E22 /* Datas */,
			);
			path = Router;
			sourceTree = "<group>";
		};
		371C737629A4AFB200FA1E22 /* Preview Content */ = {
			isa = PBXGroup;
			children = (
				371C737729A4AFB200FA1E22 /* Preview Assets.xcassets */,
			);
			path = "Preview Content";
			sourceTree = "<group>";
		};
		371C738029A4AFB200FA1E22 /* RouterTests */ = {
			isa = PBXGroup;
			children = (
				371C738129A4AFB200FA1E22 /* RouterTests.swift */,
			);
			path = RouterTests;
			sourceTree = "<group>";
		};
		371C738A29A4AFB200FA1E22 /* RouterUITests */ = {
			isa = PBXGroup;
			children = (
				371C738B29A4AFB200FA1E22 /* RouterUITests.swift */,
				371C738D29A4AFB200FA1E22 /* RouterUITestsLaunchTests.swift */,
			);
			path = RouterUITests;
			sourceTree = "<group>";
		};
		371C73A029A4B2C100FA1E22 /* Application */ = {
			isa = PBXGroup;
			children = (
				371C737429A4AFB200FA1E22 /* Assets.xcassets */,
				371C737029A4AFB000FA1E22 /* RouterApp.swift */,
				371C737229A4AFB000FA1E22 /* ContentView.swift */,
			);
			path = Application;
			sourceTree = "<group>";
		};
		371C73A129A4B2D600FA1E22 /* Exercise */ = {
			isa = PBXGroup;
			children = (
				37B429FC29A853A2003728E1 /* ExerciseCreate */,
				371C73A829A4B5FB00FA1E22 /* ExerciseView.swift */,
				371C73A429A4B46F00FA1E22 /* ExerciseViewModel.swift */,
				371C73A229A4B2EB00FA1E22 /* ExerciseModel.swift */,
			);
			path = Exercise;
			sourceTree = "<group>";
		};
		371C73AC29A5974700FA1E22 /* Routine */ = {
			isa = PBXGroup;
			children = (
				371C73AD29A5978F00FA1E22 /* RoutineView.swift */,
			);
			path = Routine;
			sourceTree = "<group>";
		};
		371C73B229A5AA3300FA1E22 /* Datas */ = {
			isa = PBXGroup;
			children = (
				371C73B329A5AA4D00FA1E22 /* Persistent.swift */,
				371C73AF29A5A8CB00FA1E22 /* Datas.xcdatamodeld */,
			);
			path = Datas;
			sourceTree = "<group>";
		};
		37B429F929A83A6A003728E1 /* Common */ = {
			isa = PBXGroup;
			children = (
				37B429FA29A83A82003728E1 /* SreachBarView.swift */,
				37B429FF29A85742003728E1 /* Modifiers.swift */,
				37B42A0129A868C5003728E1 /* Extension.swift */,
				37B42A0329A86FFF003728E1 /* Images.swift */,
			);
			path = Common;
			sourceTree = "<group>";
		};
		37B429FC29A853A2003728E1 /* ExerciseCreate */ = {
			isa = PBXGroup;
			children = (
				37B429FD29A853B1003728E1 /* ExerciseCreate.swift */,
			);
			path = ExerciseCreate;
			sourceTree = "<group>";
		};
/* End PBXGroup section */

/* Begin PBXNativeTarget section */
		371C736C29A4AFB000FA1E22 /* Router */ = {
			isa = PBXNativeTarget;
			buildConfigurationList = 371C739129A4AFB200FA1E22 /* Build configuration list for PBXNativeTarget "Router" */;
			buildPhases = (
				371C736929A4AFB000FA1E22 /* Sources */,
				371C736A29A4AFB000FA1E22 /* Frameworks */,
				371C736B29A4AFB000FA1E22 /* Resources */,
			);
			buildRules = (
			);
			dependencies = (
			);
			name = Router;
			productName = Router;
			productReference = 371C736D29A4AFB000FA1E22 /* Router.app */;
			productType = "com.apple.product-type.application";
		};
		371C737C29A4AFB200FA1E22 /* RouterTests */ = {
			isa = PBXNativeTarget;
			buildConfigurationList = 371C739429A4AFB200FA1E22 /* Build configuration list for PBXNativeTarget "RouterTests" */;
			buildPhases = (
				371C737929A4AFB200FA1E22 /* Sources */,
				371C737A29A4AFB200FA1E22 /* Frameworks */,
				371C737B29A4AFB200FA1E22 /* Resources */,
			);
			buildRules = (
			);
			dependencies = (
				371C737F29A4AFB200FA1E22 /* PBXTargetDependency */,
			);
			name = RouterTests;
			productName = RouterTests;
			productReference = 371C737D29A4AFB200FA1E22 /* RouterTests.xctest */;
			productType = "com.apple.product-type.bundle.unit-test";
		};
		371C738629A4AFB200FA1E22 /* RouterUITests */ = {
			isa = PBXNativeTarget;
			buildConfigurationList = 371C739729A4AFB200FA1E22 /* Build configuration list for PBXNativeTarget "RouterUITests" */;
			buildPhases = (
				371C738329A4AFB200FA1E22 /* Sources */,
				371C738429A4AFB200FA1E22 /* Frameworks */,
				371C738529A4AFB200FA1E22 /* Resources */,
			);
			buildRules = (
			);
			dependencies = (
				371C738929A4AFB200FA1E22 /* PBXTargetDependency */,
			);
			name = RouterUITests;
			productName = RouterUITests;
			productReference = 371C738729A4AFB200FA1E22 /* RouterUITests.xctest */;
			productType = "com.apple.product-type.bundle.ui-testing";
		};
/* End PBXNativeTarget section */

/* Begin PBXProject section */
		371C736529A4AFB000FA1E22 /* Project object */ = {
			isa = PBXProject;
			attributes = {
				BuildIndependentTargetsInParallel = 1;
				LastSwiftUpdateCheck = 1420;
				LastUpgradeCheck = 1420;
				TargetAttributes = {
					371C736C29A4AFB000FA1E22 = {
						CreatedOnToolsVersion = 14.2;
					};
					371C737C29A4AFB200FA1E22 = {
						CreatedOnToolsVersion = 14.2;
						TestTargetID = 371C736C29A4AFB000FA1E22;
					};
					371C738629A4AFB200FA1E22 = {
						CreatedOnToolsVersion = 14.2;
						TestTargetID = 371C736C29A4AFB000FA1E22;
					};
				};
			};
			buildConfigurationList = 371C736829A4AFB000FA1E22 /* Build configuration list for PBXProject "Router" */;
			compatibilityVersion = "Xcode 14.0";
			developmentRegion = en;
			hasScannedForEncodings = 0;
			knownRegions = (
				en,
				Base,
			);
			mainGroup = 371C736429A4AFB000FA1E22;
			productRefGroup = 371C736E29A4AFB000FA1E22 /* Products */;
			projectDirPath = "";
			projectRoot = "";
			targets = (
				371C736C29A4AFB000FA1E22 /* Router */,
				371C737C29A4AFB200FA1E22 /* RouterTests */,
				371C738629A4AFB200FA1E22 /* RouterUITests */,
			);
		};
/* End PBXProject section */

/* Begin PBXResourcesBuildPhase section */
		371C736B29A4AFB000FA1E22 /* Resources */ = {
			isa = PBXResourcesBuildPhase;
			buildActionMask = 2147483647;
			files = (
				371C737829A4AFB200FA1E22 /* Preview Assets.xcassets in Resources */,
				371C737529A4AFB200FA1E22 /* Assets.xcassets in Resources */,
			);
			runOnlyForDeploymentPostprocessing = 0;
		};
		371C737B29A4AFB200FA1E22 /* Resources */ = {
			isa = PBXResourcesBuildPhase;
			buildActionMask = 2147483647;
			files = (
			);
			runOnlyForDeploymentPostprocessing = 0;
		};
		371C738529A4AFB200FA1E22 /* Resources */ = {
			isa = PBXResourcesBuildPhase;
			buildActionMask = 2147483647;
			files = (
			);
			runOnlyForDeploymentPostprocessing = 0;
		};
/* End PBXResourcesBuildPhase section */

/* Begin PBXSourcesBuildPhase section */
		371C736929A4AFB000FA1E22 /* Sources */ = {
			isa = PBXSourcesBuildPhase;
			buildActionMask = 2147483647;
			files = (
				37B429FB29A83A82003728E1 /* SreachBarView.swift in Sources */,
				371C737329A4AFB000FA1E22 /* ContentView.swift in Sources */,
				371C73A329A4B2EB00FA1E22 /* ExerciseModel.swift in Sources */,
				37B42A0229A868C5003728E1 /* Extension.swift in Sources */,
				37B42A0429A86FFF003728E1 /* Images.swift in Sources */,
				371C73A529A4B46F00FA1E22 /* ExerciseViewModel.swift in Sources */,
				37B42A0029A85742003728E1 /* Modifiers.swift in Sources */,
				371C73AE29A5978F00FA1E22 /* RoutineView.swift in Sources */,
				371C737129A4AFB000FA1E22 /* RouterApp.swift in Sources */,
				371C73B429A5AA4D00FA1E22 /* Persistent.swift in Sources */,
				371C73A929A4B5FB00FA1E22 /* ExerciseView.swift in Sources */,
				371C73B129A5A8CB00FA1E22 /* Datas.xcdatamodeld in Sources */,
				37B429FE29A853B1003728E1 /* ExerciseCreate.swift in Sources */,
			);
			runOnlyForDeploymentPostprocessing = 0;
		};
		371C737929A4AFB200FA1E22 /* Sources */ = {
			isa = PBXSourcesBuildPhase;
			buildActionMask = 2147483647;
			files = (
				371C738229A4AFB200FA1E22 /* RouterTests.swift in Sources */,
			);
			runOnlyForDeploymentPostprocessing = 0;
		};
		371C738329A4AFB200FA1E22 /* Sources */ = {
			isa = PBXSourcesBuildPhase;
			buildActionMask = 2147483647;
			files = (
				371C738C29A4AFB200FA1E22 /* RouterUITests.swift in Sources */,
				371C738E29A4AFB200FA1E22 /* RouterUITestsLaunchTests.swift in Sources */,
			);
			runOnlyForDeploymentPostprocessing = 0;
		};
/* End PBXSourcesBuildPhase section */

/* Begin PBXTargetDependency section */
		371C737F29A4AFB200FA1E22 /* PBXTargetDependency */ = {
			isa = PBXTargetDependency;
			target = 371C736C29A4AFB000FA1E22 /* Router */;
			targetProxy = 371C737E29A4AFB200FA1E22 /* PBXContainerItemProxy */;
		};
		371C738929A4AFB200FA1E22 /* PBXTargetDependency */ = {
			isa = PBXTargetDependency;
			target = 371C736C29A4AFB000FA1E22 /* Router */;
			targetProxy = 371C738829A4AFB200FA1E22 /* PBXContainerItemProxy */;
		};
/* End PBXTargetDependency section */

/* Begin XCBuildConfiguration section */
		371C738F29A4AFB200FA1E22 /* Debug */ = {
			isa = XCBuildConfiguration;
			buildSettings = {
				ALWAYS_SEARCH_USER_PATHS = NO;
				CLANG_ANALYZER_NONNULL = YES;
				CLANG_ANALYZER_NUMBER_OBJECT_CONVERSION = YES_AGGRESSIVE;
				CLANG_CXX_LANGUAGE_STANDARD = "gnu++20";
				CLANG_ENABLE_MODULES = YES;
				CLANG_ENABLE_OBJC_ARC = YES;
				CLANG_ENABLE_OBJC_WEAK = YES;
				CLANG_WARN_BLOCK_CAPTURE_AUTORELEASING = YES;
				CLANG_WARN_BOOL_CONVERSION = YES;
				CLANG_WARN_COMMA = YES;
				CLANG_WARN_CONSTANT_CONVERSION = YES;
				CLANG_WARN_DEPRECATED_OBJC_IMPLEMENTATIONS = YES;
				CLANG_WARN_DIRECT_OBJC_ISA_USAGE = YES_ERROR;
				CLANG_WARN_DOCUMENTATION_COMMENTS = YES;
				CLANG_WARN_EMPTY_BODY = YES;
				CLANG_WARN_ENUM_CONVERSION = YES;
				CLANG_WARN_INFINITE_RECURSION = YES;
				CLANG_WARN_INT_CONVERSION = YES;
				CLANG_WARN_NON_LITERAL_NULL_CONVERSION = YES;
				CLANG_WARN_OBJC_IMPLICIT_RETAIN_SELF = YES;
				CLANG_WARN_OBJC_LITERAL_CONVERSION = YES;
				CLANG_WARN_OBJC_ROOT_CLASS = YES_ERROR;
				CLANG_WARN_QUOTED_INCLUDE_IN_FRAMEWORK_HEADER = YES;
				CLANG_WARN_RANGE_LOOP_ANALYSIS = YES;
				CLANG_WARN_STRICT_PROTOTYPES = YES;
				CLANG_WARN_SUSPICIOUS_MOVE = YES;
				CLANG_WARN_UNGUARDED_AVAILABILITY = YES_AGGRESSIVE;
				CLANG_WARN_UNREACHABLE_CODE = YES;
				CLANG_WARN__DUPLICATE_METHOD_MATCH = YES;
				COPY_PHASE_STRIP = NO;
				DEBUG_INFORMATION_FORMAT = dwarf;
				ENABLE_STRICT_OBJC_MSGSEND = YES;
				ENABLE_TESTABILITY = YES;
				GCC_C_LANGUAGE_STANDARD = gnu11;
				GCC_DYNAMIC_NO_PIC = NO;
				GCC_NO_COMMON_BLOCKS = YES;
				GCC_OPTIMIZATION_LEVEL = 0;
				GCC_PREPROCESSOR_DEFINITIONS = (
					"DEBUG=1",
					"$(inherited)",
				);
				GCC_WARN_64_TO_32_BIT_CONVERSION = YES;
				GCC_WARN_ABOUT_RETURN_TYPE = YES_ERROR;
				GCC_WARN_UNDECLARED_SELECTOR = YES;
				GCC_WARN_UNINITIALIZED_AUTOS = YES_AGGRESSIVE;
				GCC_WARN_UNUSED_FUNCTION = YES;
				GCC_WARN_UNUSED_VARIABLE = YES;
				IPHONEOS_DEPLOYMENT_TARGET = 16.2;
				MTL_ENABLE_DEBUG_INFO = INCLUDE_SOURCE;
				MTL_FAST_MATH = YES;
				ONLY_ACTIVE_ARCH = YES;
				SDKROOT = iphoneos;
				SWIFT_ACTIVE_COMPILATION_CONDITIONS = DEBUG;
				SWIFT_OPTIMIZATION_LEVEL = "-Onone";
			};
			name = Debug;
		};
		371C739029A4AFB200FA1E22 /* Release */ = {
			isa = XCBuildConfiguration;
			buildSettings = {
				ALWAYS_SEARCH_USER_PATHS = NO;
				CLANG_ANALYZER_NONNULL = YES;
				CLANG_ANALYZER_NUMBER_OBJECT_CONVERSION = YES_AGGRESSIVE;
				CLANG_CXX_LANGUAGE_STANDARD = "gnu++20";
				CLANG_ENABLE_MODULES = YES;
				CLANG_ENABLE_OBJC_ARC = YES;
				CLANG_ENABLE_OBJC_WEAK = YES;
				CLANG_WARN_BLOCK_CAPTURE_AUTORELEASING = YES;
				CLANG_WARN_BOOL_CONVERSION = YES;
				CLANG_WARN_COMMA = YES;
				CLANG_WARN_CONSTANT_CONVERSION = YES;
				CLANG_WARN_DEPRECATED_OBJC_IMPLEMENTATIONS = YES;
				CLANG_WARN_DIRECT_OBJC_ISA_USAGE = YES_ERROR;
				CLANG_WARN_DOCUMENTATION_COMMENTS = YES;
				CLANG_WARN_EMPTY_BODY = YES;
				CLANG_WARN_ENUM_CONVERSION = YES;
				CLANG_WARN_INFINITE_RECURSION = YES;
				CLANG_WARN_INT_CONVERSION = YES;
				CLANG_WARN_NON_LITERAL_NULL_CONVERSION = YES;
				CLANG_WARN_OBJC_IMPLICIT_RETAIN_SELF = YES;
				CLANG_WARN_OBJC_LITERAL_CONVERSION = YES;
				CLANG_WARN_OBJC_ROOT_CLASS = YES_ERROR;
				CLANG_WARN_QUOTED_INCLUDE_IN_FRAMEWORK_HEADER = YES;
				CLANG_WARN_RANGE_LOOP_ANALYSIS = YES;
				CLANG_WARN_STRICT_PROTOTYPES = YES;
				CLANG_WARN_SUSPICIOUS_MOVE = YES;
				CLANG_WARN_UNGUARDED_AVAILABILITY = YES_AGGRESSIVE;
				CLANG_WARN_UNREACHABLE_CODE = YES;
				CLANG_WARN__DUPLICATE_METHOD_MATCH = YES;
				COPY_PHASE_STRIP = NO;
				DEBUG_INFORMATION_FORMAT = "dwarf-with-dsym";
				ENABLE_NS_ASSERTIONS = NO;
				ENABLE_STRICT_OBJC_MSGSEND = YES;
				GCC_C_LANGUAGE_STANDARD = gnu11;
				GCC_NO_COMMON_BLOCKS = YES;
				GCC_WARN_64_TO_32_BIT_CONVERSION = YES;
				GCC_WARN_ABOUT_RETURN_TYPE = YES_ERROR;
				GCC_WARN_UNDECLARED_SELECTOR = YES;
				GCC_WARN_UNINITIALIZED_AUTOS = YES_AGGRESSIVE;
				GCC_WARN_UNUSED_FUNCTION = YES;
				GCC_WARN_UNUSED_VARIABLE = YES;
				IPHONEOS_DEPLOYMENT_TARGET = 16.2;
				MTL_ENABLE_DEBUG_INFO = NO;
				MTL_FAST_MATH = YES;
				SDKROOT = iphoneos;
				SWIFT_COMPILATION_MODE = wholemodule;
				SWIFT_OPTIMIZATION_LEVEL = "-O";
				VALIDATE_PRODUCT = YES;
			};
			name = Release;
		};
		371C739229A4AFB200FA1E22 /* Debug */ = {
			isa = XCBuildConfiguration;
			buildSettings = {
				ASSETCATALOG_COMPILER_APPICON_NAME = AppIcon;
				ASSETCATALOG_COMPILER_GLOBAL_ACCENT_COLOR_NAME = AccentColor;
				CODE_SIGN_STYLE = Automatic;
				CURRENT_PROJECT_VERSION = 1;
				DEVELOPMENT_ASSET_PATHS = "\"Router/Preview Content\"";
				DEVELOPMENT_TEAM = 3RPG64SDVF;
				ENABLE_PREVIEWS = YES;
				GENERATE_INFOPLIST_FILE = YES;
				INFOPLIST_KEY_UIApplicationSceneManifest_Generation = YES;
				INFOPLIST_KEY_UIApplicationSupportsIndirectInputEvents = YES;
				INFOPLIST_KEY_UILaunchScreen_Generation = YES;
				INFOPLIST_KEY_UISupportedInterfaceOrientations_iPad = "UIInterfaceOrientationPortrait UIInterfaceOrientationPortraitUpsideDown UIInterfaceOrientationLandscapeLeft UIInterfaceOrientationLandscapeRight";
				INFOPLIST_KEY_UISupportedInterfaceOrientations_iPhone = "UIInterfaceOrientationPortrait UIInterfaceOrientationLandscapeLeft UIInterfaceOrientationLandscapeRight";
				LD_RUNPATH_SEARCH_PATHS = (
					"$(inherited)",
					"@executable_path/Frameworks",
				);
				MARKETING_VERSION = 1.0;
				PRODUCT_BUNDLE_IDENTIFIER = com.Router;
				PRODUCT_NAME = "$(TARGET_NAME)";
				SWIFT_EMIT_LOC_STRINGS = YES;
				SWIFT_VERSION = 5.0;
				TARGETED_DEVICE_FAMILY = "1,2";
			};
			name = Debug;
		};
		371C739329A4AFB200FA1E22 /* Release */ = {
			isa = XCBuildConfiguration;
			buildSettings = {
				ASSETCATALOG_COMPILER_APPICON_NAME = AppIcon;
				ASSETCATALOG_COMPILER_GLOBAL_ACCENT_COLOR_NAME = AccentColor;
				CODE_SIGN_STYLE = Automatic;
				CURRENT_PROJECT_VERSION = 1;
				DEVELOPMENT_ASSET_PATHS = "\"Router/Preview Content\"";
				DEVELOPMENT_TEAM = 3RPG64SDVF;
				ENABLE_PREVIEWS = YES;
				GENERATE_INFOPLIST_FILE = YES;
				INFOPLIST_KEY_UIApplicationSceneManifest_Generation = YES;
				INFOPLIST_KEY_UIApplicationSupportsIndirectInputEvents = YES;
				INFOPLIST_KEY_UILaunchScreen_Generation = YES;
				INFOPLIST_KEY_UISupportedInterfaceOrientations_iPad = "UIInterfaceOrientationPortrait UIInterfaceOrientationPortraitUpsideDown UIInterfaceOrientationLandscapeLeft UIInterfaceOrientationLandscapeRight";
				INFOPLIST_KEY_UISupportedInterfaceOrientations_iPhone = "UIInterfaceOrientationPortrait UIInterfaceOrientationLandscapeLeft UIInterfaceOrientationLandscapeRight";
				LD_RUNPATH_SEARCH_PATHS = (
					"$(inherited)",
					"@executable_path/Frameworks",
				);
				MARKETING_VERSION = 1.0;
				PRODUCT_BUNDLE_IDENTIFIER = com.Router;
				PRODUCT_NAME = "$(TARGET_NAME)";
				SWIFT_EMIT_LOC_STRINGS = YES;
				SWIFT_VERSION = 5.0;
				TARGETED_DEVICE_FAMILY = "1,2";
			};
			name = Release;
		};
		371C739529A4AFB200FA1E22 /* Debug */ = {
			isa = XCBuildConfiguration;
			buildSettings = {
				ALWAYS_EMBED_SWIFT_STANDARD_LIBRARIES = YES;
				BUNDLE_LOADER = "$(TEST_HOST)";
				CODE_SIGN_STYLE = Automatic;
				CURRENT_PROJECT_VERSION = 1;
				DEVELOPMENT_TEAM = 3RPG64SDVF;
				GENERATE_INFOPLIST_FILE = YES;
				IPHONEOS_DEPLOYMENT_TARGET = 16.2;
				MARKETING_VERSION = 1.0;
				PRODUCT_BUNDLE_IDENTIFIER = com.RouterTests;
				PRODUCT_NAME = "$(TARGET_NAME)";
				SWIFT_EMIT_LOC_STRINGS = NO;
				SWIFT_VERSION = 5.0;
				TARGETED_DEVICE_FAMILY = "1,2";
				TEST_HOST = "$(BUILT_PRODUCTS_DIR)/Router.app/$(BUNDLE_EXECUTABLE_FOLDER_PATH)/Router";
			};
			name = Debug;
		};
		371C739629A4AFB200FA1E22 /* Release */ = {
			isa = XCBuildConfiguration;
			buildSettings = {
				ALWAYS_EMBED_SWIFT_STANDARD_LIBRARIES = YES;
				BUNDLE_LOADER = "$(TEST_HOST)";
				CODE_SIGN_STYLE = Automatic;
				CURRENT_PROJECT_VERSION = 1;
				DEVELOPMENT_TEAM = 3RPG64SDVF;
				GENERATE_INFOPLIST_FILE = YES;
				IPHONEOS_DEPLOYMENT_TARGET = 16.2;
				MARKETING_VERSION = 1.0;
				PRODUCT_BUNDLE_IDENTIFIER = com.RouterTests;
				PRODUCT_NAME = "$(TARGET_NAME)";
				SWIFT_EMIT_LOC_STRINGS = NO;
				SWIFT_VERSION = 5.0;
				TARGETED_DEVICE_FAMILY = "1,2";
				TEST_HOST = "$(BUILT_PRODUCTS_DIR)/Router.app/$(BUNDLE_EXECUTABLE_FOLDER_PATH)/Router";
			};
			name = Release;
		};
		371C739829A4AFB200FA1E22 /* Debug */ = {
			isa = XCBuildConfiguration;
			buildSettings = {
				ALWAYS_EMBED_SWIFT_STANDARD_LIBRARIES = YES;
				CODE_SIGN_STYLE = Automatic;
				CURRENT_PROJECT_VERSION = 1;
				DEVELOPMENT_TEAM = 3RPG64SDVF;
				GENERATE_INFOPLIST_FILE = YES;
				MARKETING_VERSION = 1.0;
				PRODUCT_BUNDLE_IDENTIFIER = com.RouterUITests;
				PRODUCT_NAME = "$(TARGET_NAME)";
				SWIFT_EMIT_LOC_STRINGS = NO;
				SWIFT_VERSION = 5.0;
				TARGETED_DEVICE_FAMILY = "1,2";
				TEST_TARGET_NAME = Router;
			};
			name = Debug;
		};
		371C739929A4AFB200FA1E22 /* Release */ = {
			isa = XCBuildConfiguration;
			buildSettings = {
				ALWAYS_EMBED_SWIFT_STANDARD_LIBRARIES = YES;
				CODE_SIGN_STYLE = Automatic;
				CURRENT_PROJECT_VERSION = 1;
				DEVELOPMENT_TEAM = 3RPG64SDVF;
				GENERATE_INFOPLIST_FILE = YES;
				MARKETING_VERSION = 1.0;
				PRODUCT_BUNDLE_IDENTIFIER = com.RouterUITests;
				PRODUCT_NAME = "$(TARGET_NAME)";
				SWIFT_EMIT_LOC_STRINGS = NO;
				SWIFT_VERSION = 5.0;
				TARGETED_DEVICE_FAMILY = "1,2";
				TEST_TARGET_NAME = Router;
			};
			name = Release;
		};
/* End XCBuildConfiguration section */

/* Begin XCConfigurationList section */
		371C736829A4AFB000FA1E22 /* Build configuration list for PBXProject "Router" */ = {
			isa = XCConfigurationList;
			buildConfigurations = (
				371C738F29A4AFB200FA1E22 /* Debug */,
				371C739029A4AFB200FA1E22 /* Release */,
			);
			defaultConfigurationIsVisible = 0;
			defaultConfigurationName = Release;
		};
		371C739129A4AFB200FA1E22 /* Build configuration list for PBXNativeTarget "Router" */ = {
			isa = XCConfigurationList;
			buildConfigurations = (
				371C739229A4AFB200FA1E22 /* Debug */,
				371C739329A4AFB200FA1E22 /* Release */,
			);
			defaultConfigurationIsVisible = 0;
			defaultConfigurationName = Release;
		};
		371C739429A4AFB200FA1E22 /* Build configuration list for PBXNativeTarget "RouterTests" */ = {
			isa = XCConfigurationList;
			buildConfigurations = (
				371C739529A4AFB200FA1E22 /* Debug */,
				371C739629A4AFB200FA1E22 /* Release */,
			);
			defaultConfigurationIsVisible = 0;
			defaultConfigurationName = Release;
		};
		371C739729A4AFB200FA1E22 /* Build configuration list for PBXNativeTarget "RouterUITests" */ = {
			isa = XCConfigurationList;
			buildConfigurations = (
				371C739829A4AFB200FA1E22 /* Debug */,
				371C739929A4AFB200FA1E22 /* Release */,
			);
			defaultConfigurationIsVisible = 0;
			defaultConfigurationName = Release;
		};
/* End XCConfigurationList section */

/* Begin XCVersionGroup section */
		371C73AF29A5A8CB00FA1E22 /* Datas.xcdatamodeld */ = {
			isa = XCVersionGroup;
			children = (
				371C73B029A5A8CB00FA1E22 /* Datas.xcdatamodel */,
			);
			currentVersion = 371C73B029A5A8CB00FA1E22 /* Datas.xcdatamodel */;
			path = Datas.xcdatamodeld;
			sourceTree = "<group>";
			versionGroupType = wrapper.xcdatamodel;
		};
/* End XCVersionGroup section */
	};
	rootObject = 371C736529A4AFB000FA1E22 /* Project object */;
}
