// !$*UTF8*$!
{
	archiveVersion = 1;
	classes = {
	};
	objectVersion = 56;
	objects = {

/* Begin PBXBuildFile section */
		1F6C0098FA7E281C6BF481F0 /* Pods_Router_RouterUITests.framework in Frameworks */ = {isa = PBXBuildFile; fileRef = 3C787860C46D5E4F7C2D482A /* Pods_Router_RouterUITests.framework */; };
		371C737129A4AFB000FA1E22 /* RouterApp.swift in Sources */ = {isa = PBXBuildFile; fileRef = 371C737029A4AFB000FA1E22 /* RouterApp.swift */; };
		371C737329A4AFB000FA1E22 /* ContentView.swift in Sources */ = {isa = PBXBuildFile; fileRef = 371C737229A4AFB000FA1E22 /* ContentView.swift */; };
		371C737529A4AFB200FA1E22 /* Assets.xcassets in Resources */ = {isa = PBXBuildFile; fileRef = 371C737429A4AFB200FA1E22 /* Assets.xcassets */; };
		371C737829A4AFB200FA1E22 /* Preview Assets.xcassets in Resources */ = {isa = PBXBuildFile; fileRef = 371C737729A4AFB200FA1E22 /* Preview Assets.xcassets */; };
		371C738229A4AFB200FA1E22 /* RouterTests.swift in Sources */ = {isa = PBXBuildFile; fileRef = 371C738129A4AFB200FA1E22 /* RouterTests.swift */; };
		371C738C29A4AFB200FA1E22 /* RouterUITests.swift in Sources */ = {isa = PBXBuildFile; fileRef = 371C738B29A4AFB200FA1E22 /* RouterUITests.swift */; };
		371C738E29A4AFB200FA1E22 /* RouterUITestsLaunchTests.swift in Sources */ = {isa = PBXBuildFile; fileRef = 371C738D29A4AFB200FA1E22 /* RouterUITestsLaunchTests.swift */; };
		371C73A329A4B2EB00FA1E22 /* ExerciseModel.swift in Sources */ = {isa = PBXBuildFile; fileRef = 371C73A229A4B2EB00FA1E22 /* ExerciseModel.swift */; };
		371C73A529A4B46F00FA1E22 /* ExerciseViewModel.swift in Sources */ = {isa = PBXBuildFile; fileRef = 371C73A429A4B46F00FA1E22 /* ExerciseViewModel.swift */; };
		371C73A929A4B5FB00FA1E22 /* ExerciseView.swift in Sources */ = {isa = PBXBuildFile; fileRef = 371C73A829A4B5FB00FA1E22 /* ExerciseView.swift */; };
		37263F2C29BFED9700A0175B /* WorkOutModel.swift in Sources */ = {isa = PBXBuildFile; fileRef = 37263F2B29BFED9700A0175B /* WorkOutModel.swift */; };
		37263F2E29BFEDA300A0175B /* WorkOutViewModel.swift in Sources */ = {isa = PBXBuildFile; fileRef = 37263F2D29BFEDA300A0175B /* WorkOutViewModel.swift */; };
		37263F3229BFEDC100A0175B /* WorkOutView.swift in Sources */ = {isa = PBXBuildFile; fileRef = 37263F3129BFEDC100A0175B /* WorkOutView.swift */; };
		37263F3429C155D300A0175B /* Enum.swift in Sources */ = {isa = PBXBuildFile; fileRef = 37263F3329C155D300A0175B /* Enum.swift */; };
		3745072C29B5A4A6004A33CD /* DataType.swift in Sources */ = {isa = PBXBuildFile; fileRef = 3745072B29B5A4A6004A33CD /* DataType.swift */; };
		3745072E29B5AD45004A33CD /* Error.swift in Sources */ = {isa = PBXBuildFile; fileRef = 3745072D29B5AD45004A33CD /* Error.swift */; };
		3751807329AC46CE0059183F /* RoutineViewModel.swift in Sources */ = {isa = PBXBuildFile; fileRef = 3751807229AC46CE0059183F /* RoutineViewModel.swift */; };
		3751807529AC48BC0059183F /* RoutineModel.swift in Sources */ = {isa = PBXBuildFile; fileRef = 3751807429AC48BC0059183F /* RoutineModel.swift */; };
		37B1902129DBEC7F00D3CF81 /* ResultPageView.swift in Sources */ = {isa = PBXBuildFile; fileRef = 37B1902029DBEC7F00D3CF81 /* ResultPageView.swift */; };
		37B429FB29A83A82003728E1 /* SreachBarView.swift in Sources */ = {isa = PBXBuildFile; fileRef = 37B429FA29A83A82003728E1 /* SreachBarView.swift */; };
		37B429FE29A853B1003728E1 /* ExerciseCreate.swift in Sources */ = {isa = PBXBuildFile; fileRef = 37B429FD29A853B1003728E1 /* ExerciseCreate.swift */; };
		37B42A0029A85742003728E1 /* Modifiers.swift in Sources */ = {isa = PBXBuildFile; fileRef = 37B429FF29A85742003728E1 /* Modifiers.swift */; };
		37B42A0229A868C5003728E1 /* Extension.swift in Sources */ = {isa = PBXBuildFile; fileRef = 37B42A0129A868C5003728E1 /* Extension.swift */; };
		37B42A0429A86FFF003728E1 /* Images.swift in Sources */ = {isa = PBXBuildFile; fileRef = 37B42A0329A86FFF003728E1 /* Images.swift */; };
		37B42A0629AC2746003728E1 /* RoutineCreateViewModel.swift in Sources */ = {isa = PBXBuildFile; fileRef = 37B42A0529AC2746003728E1 /* RoutineCreateViewModel.swift */; };
		A614430609B7D5A81ED13DBB /* Pods_Router.framework in Frameworks */ = {isa = PBXBuildFile; fileRef = 17BFD58CB2FF9F357CC583A8 /* Pods_Router.framework */; };
		B053FDF329CEDA7D00971C7D /* SetRestAlertViewConteroller.swift in Sources */ = {isa = PBXBuildFile; fileRef = B053FDF229CEDA7D00971C7D /* SetRestAlertViewConteroller.swift */; };
		B0F8FA1629D91D3200021D55 /* ScrollViewWrapper.swift in Sources */ = {isa = PBXBuildFile; fileRef = B0F8FA1529D91D3200021D55 /* ScrollViewWrapper.swift */; };
		B18E63F8CE1E9B0D19CD0C45 /* Pods_RouterTests.framework in Frameworks */ = {isa = PBXBuildFile; fileRef = 83F732DD495AA3E6397D7AF9 /* Pods_RouterTests.framework */; };
		C372882429A9F0EA00EDCBA8 /* ExerciseCreateViewModel.swift in Sources */ = {isa = PBXBuildFile; fileRef = C372882329A9F0E900EDCBA8 /* ExerciseCreateViewModel.swift */; };
		C372884229AB938300EDCBA8 /* RoutineCreateView.swift in Sources */ = {isa = PBXBuildFile; fileRef = C372884029AB938300EDCBA8 /* RoutineCreateView.swift */; };
		C372884329AB938300EDCBA8 /* RoutineView.swift in Sources */ = {isa = PBXBuildFile; fileRef = C372884129AB938300EDCBA8 /* RoutineView.swift */; };
/* End PBXBuildFile section */

/* Begin PBXContainerItemProxy section */
		371C737E29A4AFB200FA1E22 /* PBXContainerItemProxy */ = {
			isa = PBXContainerItemProxy;
			containerPortal = 371C736529A4AFB000FA1E22 /* Project object */;
			proxyType = 1;
			remoteGlobalIDString = 371C736C29A4AFB000FA1E22;
			remoteInfo = Router;
		};
		371C738829A4AFB200FA1E22 /* PBXContainerItemProxy */ = {
			isa = PBXContainerItemProxy;
			containerPortal = 371C736529A4AFB000FA1E22 /* Project object */;
			proxyType = 1;
			remoteGlobalIDString = 371C736C29A4AFB000FA1E22;
			remoteInfo = Router;
		};
/* End PBXContainerItemProxy section */

/* Begin PBXFileReference section */
		106F2EE6E72355ADE068422D /* Pods-Router.release.xcconfig */ = {isa = PBXFileReference; includeInIndex = 1; lastKnownFileType = text.xcconfig; name = "Pods-Router.release.xcconfig"; path = "Target Support Files/Pods-Router/Pods-Router.release.xcconfig"; sourceTree = "<group>"; };
		17BFD58CB2FF9F357CC583A8 /* Pods_Router.framework */ = {isa = PBXFileReference; explicitFileType = wrapper.framework; includeInIndex = 0; path = Pods_Router.framework; sourceTree = BUILT_PRODUCTS_DIR; };
		371C736D29A4AFB000FA1E22 /* Router.app */ = {isa = PBXFileReference; explicitFileType = wrapper.application; includeInIndex = 0; path = Router.app; sourceTree = BUILT_PRODUCTS_DIR; };
		371C737029A4AFB000FA1E22 /* RouterApp.swift */ = {isa = PBXFileReference; lastKnownFileType = sourcecode.swift; path = RouterApp.swift; sourceTree = "<group>"; };
		371C737229A4AFB000FA1E22 /* ContentView.swift */ = {isa = PBXFileReference; lastKnownFileType = sourcecode.swift; path = ContentView.swift; sourceTree = "<group>"; };
		371C737429A4AFB200FA1E22 /* Assets.xcassets */ = {isa = PBXFileReference; lastKnownFileType = folder.assetcatalog; path = Assets.xcassets; sourceTree = "<group>"; };
		371C737729A4AFB200FA1E22 /* Preview Assets.xcassets */ = {isa = PBXFileReference; lastKnownFileType = folder.assetcatalog; path = "Preview Assets.xcassets"; sourceTree = "<group>"; };
		371C737D29A4AFB200FA1E22 /* RouterTests.xctest */ = {isa = PBXFileReference; explicitFileType = wrapper.cfbundle; includeInIndex = 0; path = RouterTests.xctest; sourceTree = BUILT_PRODUCTS_DIR; };
		371C738129A4AFB200FA1E22 /* RouterTests.swift */ = {isa = PBXFileReference; lastKnownFileType = sourcecode.swift; path = RouterTests.swift; sourceTree = "<group>"; };
		371C738729A4AFB200FA1E22 /* RouterUITests.xctest */ = {isa = PBXFileReference; explicitFileType = wrapper.cfbundle; includeInIndex = 0; path = RouterUITests.xctest; sourceTree = BUILT_PRODUCTS_DIR; };
		371C738B29A4AFB200FA1E22 /* RouterUITests.swift */ = {isa = PBXFileReference; lastKnownFileType = sourcecode.swift; path = RouterUITests.swift; sourceTree = "<group>"; };
		371C738D29A4AFB200FA1E22 /* RouterUITestsLaunchTests.swift */ = {isa = PBXFileReference; lastKnownFileType = sourcecode.swift; path = RouterUITestsLaunchTests.swift; sourceTree = "<group>"; };
		371C73A229A4B2EB00FA1E22 /* ExerciseModel.swift */ = {isa = PBXFileReference; lastKnownFileType = sourcecode.swift; path = ExerciseModel.swift; sourceTree = "<group>"; };
		371C73A429A4B46F00FA1E22 /* ExerciseViewModel.swift */ = {isa = PBXFileReference; lastKnownFileType = sourcecode.swift; path = ExerciseViewModel.swift; sourceTree = "<group>"; };
		371C73A829A4B5FB00FA1E22 /* ExerciseView.swift */ = {isa = PBXFileReference; lastKnownFileType = sourcecode.swift; path = ExerciseView.swift; sourceTree = "<group>"; };
		37263F2B29BFED9700A0175B /* WorkOutModel.swift */ = {isa = PBXFileReference; lastKnownFileType = sourcecode.swift; path = WorkOutModel.swift; sourceTree = "<group>"; };
		37263F2D29BFEDA300A0175B /* WorkOutViewModel.swift */ = {isa = PBXFileReference; lastKnownFileType = sourcecode.swift; path = WorkOutViewModel.swift; sourceTree = "<group>"; };
		37263F3129BFEDC100A0175B /* WorkOutView.swift */ = {isa = PBXFileReference; lastKnownFileType = sourcecode.swift; path = WorkOutView.swift; sourceTree = "<group>"; };
		37263F3329C155D300A0175B /* Enum.swift */ = {isa = PBXFileReference; lastKnownFileType = sourcecode.swift; path = Enum.swift; sourceTree = "<group>"; };
		3745072B29B5A4A6004A33CD /* DataType.swift */ = {isa = PBXFileReference; lastKnownFileType = sourcecode.swift; path = DataType.swift; sourceTree = "<group>"; };
		3745072D29B5AD45004A33CD /* Error.swift */ = {isa = PBXFileReference; lastKnownFileType = sourcecode.swift; path = Error.swift; sourceTree = "<group>"; };
		3751807229AC46CE0059183F /* RoutineViewModel.swift */ = {isa = PBXFileReference; lastKnownFileType = sourcecode.swift; path = RoutineViewModel.swift; sourceTree = "<group>"; };
		3751807429AC48BC0059183F /* RoutineModel.swift */ = {isa = PBXFileReference; lastKnownFileType = sourcecode.swift; path = RoutineModel.swift; sourceTree = "<group>"; };
		37B1902029DBEC7F00D3CF81 /* ResultPageView.swift */ = {isa = PBXFileReference; lastKnownFileType = sourcecode.swift; path = ResultPageView.swift; sourceTree = "<group>"; };
		37B429FA29A83A82003728E1 /* SreachBarView.swift */ = {isa = PBXFileReference; lastKnownFileType = sourcecode.swift; path = SreachBarView.swift; sourceTree = "<group>"; };
		37B429FD29A853B1003728E1 /* ExerciseCreate.swift */ = {isa = PBXFileReference; lastKnownFileType = sourcecode.swift; path = ExerciseCreate.swift; sourceTree = "<group>"; };
		37B429FF29A85742003728E1 /* Modifiers.swift */ = {isa = PBXFileReference; lastKnownFileType = sourcecode.swift; path = Modifiers.swift; sourceTree = "<group>"; };
		37B42A0129A868C5003728E1 /* Extension.swift */ = {isa = PBXFileReference; lastKnownFileType = sourcecode.swift; path = Extension.swift; sourceTree = "<group>"; };
		37B42A0329A86FFF003728E1 /* Images.swift */ = {isa = PBXFileReference; lastKnownFileType = sourcecode.swift; path = Images.swift; sourceTree = "<group>"; };
		37B42A0529AC2746003728E1 /* RoutineCreateViewModel.swift */ = {isa = PBXFileReference; lastKnownFileType = sourcecode.swift; path = RoutineCreateViewModel.swift; sourceTree = "<group>"; };
		3C787860C46D5E4F7C2D482A /* Pods_Router_RouterUITests.framework */ = {isa = PBXFileReference; explicitFileType = wrapper.framework; includeInIndex = 0; path = Pods_Router_RouterUITests.framework; sourceTree = BUILT_PRODUCTS_DIR; };
		5F478B6FCA43C8FAD8D68992 /* Pods-Router-RouterUITests.release.xcconfig */ = {isa = PBXFileReference; includeInIndex = 1; lastKnownFileType = text.xcconfig; name = "Pods-Router-RouterUITests.release.xcconfig"; path = "Target Support Files/Pods-Router-RouterUITests/Pods-Router-RouterUITests.release.xcconfig"; sourceTree = "<group>"; };
		775E72F0F0545CEB1D76ABD6 /* Pods-Router.debug.xcconfig */ = {isa = PBXFileReference; includeInIndex = 1; lastKnownFileType = text.xcconfig; name = "Pods-Router.debug.xcconfig"; path = "Target Support Files/Pods-Router/Pods-Router.debug.xcconfig"; sourceTree = "<group>"; };
		83F732DD495AA3E6397D7AF9 /* Pods_RouterTests.framework */ = {isa = PBXFileReference; explicitFileType = wrapper.framework; includeInIndex = 0; path = Pods_RouterTests.framework; sourceTree = BUILT_PRODUCTS_DIR; };
		B053FDF229CEDA7D00971C7D /* SetRestAlertViewConteroller.swift */ = {isa = PBXFileReference; lastKnownFileType = sourcecode.swift; path = SetRestAlertViewConteroller.swift; sourceTree = "<group>"; };
		B0F8FA1529D91D3200021D55 /* ScrollViewWrapper.swift */ = {isa = PBXFileReference; lastKnownFileType = sourcecode.swift; path = ScrollViewWrapper.swift; sourceTree = "<group>"; };
		C372882329A9F0E900EDCBA8 /* ExerciseCreateViewModel.swift */ = {isa = PBXFileReference; lastKnownFileType = sourcecode.swift; path = ExerciseCreateViewModel.swift; sourceTree = "<group>"; };
		C372883A29AA5D4700EDCBA8 /* Info.plist */ = {isa = PBXFileReference; lastKnownFileType = text.plist; path = Info.plist; sourceTree = "<group>"; };
		C372884029AB938300EDCBA8 /* RoutineCreateView.swift */ = {isa = PBXFileReference; fileEncoding = 4; lastKnownFileType = sourcecode.swift; path = RoutineCreateView.swift; sourceTree = "<group>"; };
		C372884129AB938300EDCBA8 /* RoutineView.swift */ = {isa = PBXFileReference; fileEncoding = 4; lastKnownFileType = sourcecode.swift; path = RoutineView.swift; sourceTree = "<group>"; };
		CB204A5BBB62ACDC59E5058A /* Pods-RouterTests.release.xcconfig */ = {isa = PBXFileReference; includeInIndex = 1; lastKnownFileType = text.xcconfig; name = "Pods-RouterTests.release.xcconfig"; path = "Target Support Files/Pods-RouterTests/Pods-RouterTests.release.xcconfig"; sourceTree = "<group>"; };
		CCB2076143801CFFEC69548A /* Pods-RouterTests.debug.xcconfig */ = {isa = PBXFileReference; includeInIndex = 1; lastKnownFileType = text.xcconfig; name = "Pods-RouterTests.debug.xcconfig"; path = "Target Support Files/Pods-RouterTests/Pods-RouterTests.debug.xcconfig"; sourceTree = "<group>"; };
		FA4053D08811CA511CA1F1A0 /* Pods-Router-RouterUITests.debug.xcconfig */ = {isa = PBXFileReference; includeInIndex = 1; lastKnownFileType = text.xcconfig; name = "Pods-Router-RouterUITests.debug.xcconfig"; path = "Target Support Files/Pods-Router-RouterUITests/Pods-Router-RouterUITests.debug.xcconfig"; sourceTree = "<group>"; };
/* End PBXFileReference section */

/* Begin PBXFrameworksBuildPhase section */
		371C736A29A4AFB000FA1E22 /* Frameworks */ = {
			isa = PBXFrameworksBuildPhase;
			buildActionMask = 2147483647;
			files = (
				A614430609B7D5A81ED13DBB /* Pods_Router.framework in Frameworks */,
			);
			runOnlyForDeploymentPostprocessing = 0;
		};
		371C737A29A4AFB200FA1E22 /* Frameworks */ = {
			isa = PBXFrameworksBuildPhase;
			buildActionMask = 2147483647;
			files = (
				B18E63F8CE1E9B0D19CD0C45 /* Pods_RouterTests.framework in Frameworks */,
			);
			runOnlyForDeploymentPostprocessing = 0;
		};
		371C738429A4AFB200FA1E22 /* Frameworks */ = {
			isa = PBXFrameworksBuildPhase;
			buildActionMask = 2147483647;
			files = (
				1F6C0098FA7E281C6BF481F0 /* Pods_Router_RouterUITests.framework in Frameworks */,
			);
			runOnlyForDeploymentPostprocessing = 0;
		};
/* End PBXFrameworksBuildPhase section */

/* Begin PBXGroup section */
		371C736429A4AFB000FA1E22 = {
			isa = PBXGroup;
			children = (
				371C736F29A4AFB000FA1E22 /* Router */,
				371C738029A4AFB200FA1E22 /* RouterTests */,
				371C738A29A4AFB200FA1E22 /* RouterUITests */,
				371C736E29A4AFB000FA1E22 /* Products */,
				A4CECC1009B1493DFB135753 /* Pods */,
				D1B6D252593D8352F4947182 /* Frameworks */,
			);
			sourceTree = "<group>";
		};
		371C736E29A4AFB000FA1E22 /* Products */ = {
			isa = PBXGroup;
			children = (
				371C736D29A4AFB000FA1E22 /* Router.app */,
				371C737D29A4AFB200FA1E22 /* RouterTests.xctest */,
				371C738729A4AFB200FA1E22 /* RouterUITests.xctest */,
			);
			name = Products;
			sourceTree = "<group>";
		};
		371C736F29A4AFB000FA1E22 /* Router */ = {
			isa = PBXGroup;
			children = (
				C372883A29AA5D4700EDCBA8 /* Info.plist */,
				371C73A029A4B2C100FA1E22 /* Application */,
				37B429F929A83A6A003728E1 /* Common */,
				37B6421C29B5CE29005AC9FB /* WorkOut */,
				C372883E29AB938300EDCBA8 /* Routine */,
				371C73A129A4B2D600FA1E22 /* Exercise */,
				3745072A29B5A494004A33CD /* Data */,
				371C737629A4AFB200FA1E22 /* Preview Content */,
			);
			path = Router;
			sourceTree = "<group>";
		};
		371C737629A4AFB200FA1E22 /* Preview Content */ = {
			isa = PBXGroup;
			children = (
				371C737729A4AFB200FA1E22 /* Preview Assets.xcassets */,
			);
			path = "Preview Content";
			sourceTree = "<group>";
		};
		371C738029A4AFB200FA1E22 /* RouterTests */ = {
			isa = PBXGroup;
			children = (
				371C738129A4AFB200FA1E22 /* RouterTests.swift */,
			);
			path = RouterTests;
			sourceTree = "<group>";
		};
		371C738A29A4AFB200FA1E22 /* RouterUITests */ = {
			isa = PBXGroup;
			children = (
				371C738B29A4AFB200FA1E22 /* RouterUITests.swift */,
				371C738D29A4AFB200FA1E22 /* RouterUITestsLaunchTests.swift */,
			);
			path = RouterUITests;
			sourceTree = "<group>";
		};
		371C73A029A4B2C100FA1E22 /* Application */ = {
			isa = PBXGroup;
			children = (
				371C737429A4AFB200FA1E22 /* Assets.xcassets */,
				371C737029A4AFB000FA1E22 /* RouterApp.swift */,
				371C737229A4AFB000FA1E22 /* ContentView.swift */,
			);
			path = Application;
			sourceTree = "<group>";
		};
		371C73A129A4B2D600FA1E22 /* Exercise */ = {
			isa = PBXGroup;
			children = (
				3745072F29B5B886004A33CD /* ExerciseList */,
				37B429FC29A853A2003728E1 /* ExerciseCreate */,
				371C73A229A4B2EB00FA1E22 /* ExerciseModel.swift */,
			);
			path = Exercise;
			sourceTree = "<group>";
		};
		3745072A29B5A494004A33CD /* Data */ = {
			isa = PBXGroup;
			children = (
				3745072B29B5A4A6004A33CD /* DataType.swift */,
			);
			path = Data;
			sourceTree = "<group>";
		};
		3745072F29B5B886004A33CD /* ExerciseList */ = {
			isa = PBXGroup;
			children = (
				371C73A829A4B5FB00FA1E22 /* ExerciseView.swift */,
				371C73A429A4B46F00FA1E22 /* ExerciseViewModel.swift */,
			);
			path = ExerciseList;
			sourceTree = "<group>";
		};
		3745073029B5B8A3004A33CD /* RotineList */ = {
			isa = PBXGroup;
			children = (
				C372884129AB938300EDCBA8 /* RoutineView.swift */,
				3751807229AC46CE0059183F /* RoutineViewModel.swift */,
			);
			path = RotineList;
			sourceTree = "<group>";
		};
		37B429F929A83A6A003728E1 /* Common */ = {
			isa = PBXGroup;
			children = (
				37B429FA29A83A82003728E1 /* SreachBarView.swift */,
				37B429FF29A85742003728E1 /* Modifiers.swift */,
				37B42A0129A868C5003728E1 /* Extension.swift */,
				37B42A0329A86FFF003728E1 /* Images.swift */,
				3745072D29B5AD45004A33CD /* Error.swift */,
				37263F3329C155D300A0175B /* Enum.swift */,
			);
			path = Common;
			sourceTree = "<group>";
		};
		37B429FC29A853A2003728E1 /* ExerciseCreate */ = {
			isa = PBXGroup;
			children = (
				37B429FD29A853B1003728E1 /* ExerciseCreate.swift */,
				C372882329A9F0E900EDCBA8 /* ExerciseCreateViewModel.swift */,
			);
			path = ExerciseCreate;
			sourceTree = "<group>";
		};
		37B6421C29B5CE29005AC9FB /* WorkOut */ = {
			isa = PBXGroup;
			children = (
				B0F8FA1529D91D3200021D55 /* ScrollViewWrapper.swift */,
				37B1902029DBEC7F00D3CF81 /* ResultPageView.swift */,
				37263F3129BFEDC100A0175B /* WorkOutView.swift */,
				37263F2D29BFEDA300A0175B /* WorkOutViewModel.swift */,
				37263F2B29BFED9700A0175B /* WorkOutModel.swift */,
			);
			path = WorkOut;
			sourceTree = "<group>";
		};
		A4CECC1009B1493DFB135753 /* Pods */ = {
			isa = PBXGroup;
			children = (
				775E72F0F0545CEB1D76ABD6 /* Pods-Router.debug.xcconfig */,
				106F2EE6E72355ADE068422D /* Pods-Router.release.xcconfig */,
				FA4053D08811CA511CA1F1A0 /* Pods-Router-RouterUITests.debug.xcconfig */,
				5F478B6FCA43C8FAD8D68992 /* Pods-Router-RouterUITests.release.xcconfig */,
				CCB2076143801CFFEC69548A /* Pods-RouterTests.debug.xcconfig */,
				CB204A5BBB62ACDC59E5058A /* Pods-RouterTests.release.xcconfig */,
			);
			path = Pods;
			sourceTree = "<group>";
		};
		C372883E29AB938300EDCBA8 /* Routine */ = {
			isa = PBXGroup;
			children = (
				3745073029B5B8A3004A33CD /* RotineList */,
				C372883F29AB938300EDCBA8 /* RoutineCreate */,
				3751807429AC48BC0059183F /* RoutineModel.swift */,
			);
			path = Routine;
			sourceTree = "<group>";
		};
		C372883F29AB938300EDCBA8 /* RoutineCreate */ = {
			isa = PBXGroup;
			children = (
				C372884029AB938300EDCBA8 /* RoutineCreateView.swift */,
				37B42A0529AC2746003728E1 /* RoutineCreateViewModel.swift */,
				B053FDF229CEDA7D00971C7D /* SetRestAlertViewConteroller.swift */,
			);
			path = RoutineCreate;
			sourceTree = "<group>";
		};
		D1B6D252593D8352F4947182 /* Frameworks */ = {
			isa = PBXGroup;
			children = (
				17BFD58CB2FF9F357CC583A8 /* Pods_Router.framework */,
				3C787860C46D5E4F7C2D482A /* Pods_Router_RouterUITests.framework */,
				83F732DD495AA3E6397D7AF9 /* Pods_RouterTests.framework */,
			);
			name = Frameworks;
			sourceTree = "<group>";
		};
/* End PBXGroup section */

/* Begin PBXNativeTarget section */
		371C736C29A4AFB000FA1E22 /* Router */ = {
			isa = PBXNativeTarget;
			buildConfigurationList = 371C739129A4AFB200FA1E22 /* Build configuration list for PBXNativeTarget "Router" */;
			buildPhases = (
				985C480FCFFF9E1636941058 /* [CP] Check Pods Manifest.lock */,
				371C736929A4AFB000FA1E22 /* Sources */,
				371C736A29A4AFB000FA1E22 /* Frameworks */,
				371C736B29A4AFB000FA1E22 /* Resources */,
				41520A27EA84FC33A9B86579 /* [CP] Embed Pods Frameworks */,
			);
			buildRules = (
			);
			dependencies = (
			);
			name = Router;
			productName = Router;
			productReference = 371C736D29A4AFB000FA1E22 /* Router.app */;
			productType = "com.apple.product-type.application";
		};
		371C737C29A4AFB200FA1E22 /* RouterTests */ = {
			isa = PBXNativeTarget;
			buildConfigurationList = 371C739429A4AFB200FA1E22 /* Build configuration list for PBXNativeTarget "RouterTests" */;
			buildPhases = (
				6BB472CC2035864445B0CE4A /* [CP] Check Pods Manifest.lock */,
				371C737929A4AFB200FA1E22 /* Sources */,
				371C737A29A4AFB200FA1E22 /* Frameworks */,
				371C737B29A4AFB200FA1E22 /* Resources */,
			);
			buildRules = (
			);
			dependencies = (
				371C737F29A4AFB200FA1E22 /* PBXTargetDependency */,
			);
			name = RouterTests;
			productName = RouterTests;
			productReference = 371C737D29A4AFB200FA1E22 /* RouterTests.xctest */;
			productType = "com.apple.product-type.bundle.unit-test";
		};
		371C738629A4AFB200FA1E22 /* RouterUITests */ = {
			isa = PBXNativeTarget;
			buildConfigurationList = 371C739729A4AFB200FA1E22 /* Build configuration list for PBXNativeTarget "RouterUITests" */;
			buildPhases = (
				C1D44B95DCEB00661958D312 /* [CP] Check Pods Manifest.lock */,
				371C738329A4AFB200FA1E22 /* Sources */,
				371C738429A4AFB200FA1E22 /* Frameworks */,
				371C738529A4AFB200FA1E22 /* Resources */,
				7221918F2B22C38A35890174 /* [CP] Embed Pods Frameworks */,
			);
			buildRules = (
			);
			dependencies = (
				371C738929A4AFB200FA1E22 /* PBXTargetDependency */,
			);
			name = RouterUITests;
			productName = RouterUITests;
			productReference = 371C738729A4AFB200FA1E22 /* RouterUITests.xctest */;
			productType = "com.apple.product-type.bundle.ui-testing";
		};
/* End PBXNativeTarget section */

/* Begin PBXProject section */
		371C736529A4AFB000FA1E22 /* Project object */ = {
			isa = PBXProject;
			attributes = {
				BuildIndependentTargetsInParallel = 1;
				LastSwiftUpdateCheck = 1420;
				LastUpgradeCheck = 1420;
				TargetAttributes = {
					371C736C29A4AFB000FA1E22 = {
						CreatedOnToolsVersion = 14.2;
					};
					371C737C29A4AFB200FA1E22 = {
						CreatedOnToolsVersion = 14.2;
						TestTargetID = 371C736C29A4AFB000FA1E22;
					};
					371C738629A4AFB200FA1E22 = {
						CreatedOnToolsVersion = 14.2;
						TestTargetID = 371C736C29A4AFB000FA1E22;
					};
				};
			};
			buildConfigurationList = 371C736829A4AFB000FA1E22 /* Build configuration list for PBXProject "Router" */;
			compatibilityVersion = "Xcode 14.0";
			developmentRegion = en;
			hasScannedForEncodings = 0;
			knownRegions = (
				en,
				Base,
			);
			mainGroup = 371C736429A4AFB000FA1E22;
			productRefGroup = 371C736E29A4AFB000FA1E22 /* Products */;
			projectDirPath = "";
			projectRoot = "";
			targets = (
				371C736C29A4AFB000FA1E22 /* Router */,
				371C737C29A4AFB200FA1E22 /* RouterTests */,
				371C738629A4AFB200FA1E22 /* RouterUITests */,
			);
		};
/* End PBXProject section */

/* Begin PBXResourcesBuildPhase section */
		371C736B29A4AFB000FA1E22 /* Resources */ = {
			isa = PBXResourcesBuildPhase;
			buildActionMask = 2147483647;
			files = (
				371C737829A4AFB200FA1E22 /* Preview Assets.xcassets in Resources */,
				371C737529A4AFB200FA1E22 /* Assets.xcassets in Resources */,
			);
			runOnlyForDeploymentPostprocessing = 0;
		};
		371C737B29A4AFB200FA1E22 /* Resources */ = {
			isa = PBXResourcesBuildPhase;
			buildActionMask = 2147483647;
			files = (
			);
			runOnlyForDeploymentPostprocessing = 0;
		};
		371C738529A4AFB200FA1E22 /* Resources */ = {
			isa = PBXResourcesBuildPhase;
			buildActionMask = 2147483647;
			files = (
			);
			runOnlyForDeploymentPostprocessing = 0;
		};
/* End PBXResourcesBuildPhase section */

/* Begin PBXShellScriptBuildPhase section */
		41520A27EA84FC33A9B86579 /* [CP] Embed Pods Frameworks */ = {
			isa = PBXShellScriptBuildPhase;
			buildActionMask = 2147483647;
			files = (
			);
			inputFileListPaths = (
				"${PODS_ROOT}/Target Support Files/Pods-Router/Pods-Router-frameworks-${CONFIGURATION}-input-files.xcfilelist",
			);
			name = "[CP] Embed Pods Frameworks";
			outputFileListPaths = (
				"${PODS_ROOT}/Target Support Files/Pods-Router/Pods-Router-frameworks-${CONFIGURATION}-output-files.xcfilelist",
			);
			runOnlyForDeploymentPostprocessing = 0;
			shellPath = /bin/sh;
			shellScript = "\"${PODS_ROOT}/Target Support Files/Pods-Router/Pods-Router-frameworks.sh\"\n";
			showEnvVarsInLog = 0;
		};
		6BB472CC2035864445B0CE4A /* [CP] Check Pods Manifest.lock */ = {
			isa = PBXShellScriptBuildPhase;
			buildActionMask = 2147483647;
			files = (
			);
			inputFileListPaths = (
			);
			inputPaths = (
				"${PODS_PODFILE_DIR_PATH}/Podfile.lock",
				"${PODS_ROOT}/Manifest.lock",
			);
			name = "[CP] Check Pods Manifest.lock";
			outputFileListPaths = (
			);
			outputPaths = (
				"$(DERIVED_FILE_DIR)/Pods-RouterTests-checkManifestLockResult.txt",
			);
			runOnlyForDeploymentPostprocessing = 0;
			shellPath = /bin/sh;
			shellScript = "diff \"${PODS_PODFILE_DIR_PATH}/Podfile.lock\" \"${PODS_ROOT}/Manifest.lock\" > /dev/null\nif [ $? != 0 ] ; then\n    # print error to STDERR\n    echo \"error: The sandbox is not in sync with the Podfile.lock. Run 'pod install' or update your CocoaPods installation.\" >&2\n    exit 1\nfi\n# This output is used by Xcode 'outputs' to avoid re-running this script phase.\necho \"SUCCESS\" > \"${SCRIPT_OUTPUT_FILE_0}\"\n";
			showEnvVarsInLog = 0;
		};
		7221918F2B22C38A35890174 /* [CP] Embed Pods Frameworks */ = {
			isa = PBXShellScriptBuildPhase;
			buildActionMask = 2147483647;
			files = (
			);
			inputFileListPaths = (
				"${PODS_ROOT}/Target Support Files/Pods-Router-RouterUITests/Pods-Router-RouterUITests-frameworks-${CONFIGURATION}-input-files.xcfilelist",
			);
			name = "[CP] Embed Pods Frameworks";
			outputFileListPaths = (
				"${PODS_ROOT}/Target Support Files/Pods-Router-RouterUITests/Pods-Router-RouterUITests-frameworks-${CONFIGURATION}-output-files.xcfilelist",
			);
			runOnlyForDeploymentPostprocessing = 0;
			shellPath = /bin/sh;
			shellScript = "\"${PODS_ROOT}/Target Support Files/Pods-Router-RouterUITests/Pods-Router-RouterUITests-frameworks.sh\"\n";
			showEnvVarsInLog = 0;
		};
		985C480FCFFF9E1636941058 /* [CP] Check Pods Manifest.lock */ = {
			isa = PBXShellScriptBuildPhase;
			buildActionMask = 2147483647;
			files = (
			);
			inputFileListPaths = (
			);
			inputPaths = (
				"${PODS_PODFILE_DIR_PATH}/Podfile.lock",
				"${PODS_ROOT}/Manifest.lock",
			);
			name = "[CP] Check Pods Manifest.lock";
			outputFileListPaths = (
			);
			outputPaths = (
				"$(DERIVED_FILE_DIR)/Pods-Router-checkManifestLockResult.txt",
			);
			runOnlyForDeploymentPostprocessing = 0;
			shellPath = /bin/sh;
			shellScript = "diff \"${PODS_PODFILE_DIR_PATH}/Podfile.lock\" \"${PODS_ROOT}/Manifest.lock\" > /dev/null\nif [ $? != 0 ] ; then\n    # print error to STDERR\n    echo \"error: The sandbox is not in sync with the Podfile.lock. Run 'pod install' or update your CocoaPods installation.\" >&2\n    exit 1\nfi\n# This output is used by Xcode 'outputs' to avoid re-running this script phase.\necho \"SUCCESS\" > \"${SCRIPT_OUTPUT_FILE_0}\"\n";
			showEnvVarsInLog = 0;
		};
		C1D44B95DCEB00661958D312 /* [CP] Check Pods Manifest.lock */ = {
			isa = PBXShellScriptBuildPhase;
			buildActionMask = 2147483647;
			files = (
			);
			inputFileListPaths = (
			);
			inputPaths = (
				"${PODS_PODFILE_DIR_PATH}/Podfile.lock",
				"${PODS_ROOT}/Manifest.lock",
			);
			name = "[CP] Check Pods Manifest.lock";
			outputFileListPaths = (
			);
			outputPaths = (
				"$(DERIVED_FILE_DIR)/Pods-Router-RouterUITests-checkManifestLockResult.txt",
			);
			runOnlyForDeploymentPostprocessing = 0;
			shellPath = /bin/sh;
			shellScript = "diff \"${PODS_PODFILE_DIR_PATH}/Podfile.lock\" \"${PODS_ROOT}/Manifest.lock\" > /dev/null\nif [ $? != 0 ] ; then\n    # print error to STDERR\n    echo \"error: The sandbox is not in sync with the Podfile.lock. Run 'pod install' or update your CocoaPods installation.\" >&2\n    exit 1\nfi\n# This output is used by Xcode 'outputs' to avoid re-running this script phase.\necho \"SUCCESS\" > \"${SCRIPT_OUTPUT_FILE_0}\"\n";
			showEnvVarsInLog = 0;
		};
/* End PBXShellScriptBuildPhase section */

/* Begin PBXSourcesBuildPhase section */
		371C736929A4AFB000FA1E22 /* Sources */ = {
			isa = PBXSourcesBuildPhase;
			buildActionMask = 2147483647;
			files = (
				37B429FB29A83A82003728E1 /* SreachBarView.swift in Sources */,
				37B1902129DBEC7F00D3CF81 /* ResultPageView.swift in Sources */,
				37B42A0629AC2746003728E1 /* RoutineCreateViewModel.swift in Sources */,
				371C737329A4AFB000FA1E22 /* ContentView.swift in Sources */,
				C372882429A9F0EA00EDCBA8 /* ExerciseCreateViewModel.swift in Sources */,
				37263F3429C155D300A0175B /* Enum.swift in Sources */,
				B0F8FA1629D91D3200021D55 /* ScrollViewWrapper.swift in Sources */,
				371C73A329A4B2EB00FA1E22 /* ExerciseModel.swift in Sources */,
				3751807529AC48BC0059183F /* RoutineModel.swift in Sources */,
				C372884229AB938300EDCBA8 /* RoutineCreateView.swift in Sources */,
				C372884329AB938300EDCBA8 /* RoutineView.swift in Sources */,
				3745072C29B5A4A6004A33CD /* DataType.swift in Sources */,
				37B42A0229A868C5003728E1 /* Extension.swift in Sources */,
				37B42A0429A86FFF003728E1 /* Images.swift in Sources */,
				3751807329AC46CE0059183F /* RoutineViewModel.swift in Sources */,
				371C73A529A4B46F00FA1E22 /* ExerciseViewModel.swift in Sources */,
				37B42A0029A85742003728E1 /* Modifiers.swift in Sources */,
				371C737129A4AFB000FA1E22 /* RouterApp.swift in Sources */,
				371C73A929A4B5FB00FA1E22 /* ExerciseView.swift in Sources */,
				37263F2E29BFEDA300A0175B /* WorkOutViewModel.swift in Sources */,
				37263F3229BFEDC100A0175B /* WorkOutView.swift in Sources */,
				37263F2C29BFED9700A0175B /* WorkOutModel.swift in Sources */,
				3745072E29B5AD45004A33CD /* Error.swift in Sources */,
				B053FDF329CEDA7D00971C7D /* SetRestAlertViewConteroller.swift in Sources */,
				37B429FE29A853B1003728E1 /* ExerciseCreate.swift in Sources */,
			);
			runOnlyForDeploymentPostprocessing = 0;
		};
		371C737929A4AFB200FA1E22 /* Sources */ = {
			isa = PBXSourcesBuildPhase;
			buildActionMask = 2147483647;
			files = (
				371C738229A4AFB200FA1E22 /* RouterTests.swift in Sources */,
			);
			runOnlyForDeploymentPostprocessing = 0;
		};
		371C738329A4AFB200FA1E22 /* Sources */ = {
			isa = PBXSourcesBuildPhase;
			buildActionMask = 2147483647;
			files = (
				371C738C29A4AFB200FA1E22 /* RouterUITests.swift in Sources */,
				371C738E29A4AFB200FA1E22 /* RouterUITestsLaunchTests.swift in Sources */,
			);
			runOnlyForDeploymentPostprocessing = 0;
		};
/* End PBXSourcesBuildPhase section */

/* Begin PBXTargetDependency section */
		371C737F29A4AFB200FA1E22 /* PBXTargetDependency */ = {
			isa = PBXTargetDependency;
			target = 371C736C29A4AFB000FA1E22 /* Router */;
			targetProxy = 371C737E29A4AFB200FA1E22 /* PBXContainerItemProxy */;
		};
		371C738929A4AFB200FA1E22 /* PBXTargetDependency */ = {
			isa = PBXTargetDependency;
			target = 371C736C29A4AFB000FA1E22 /* Router */;
			targetProxy = 371C738829A4AFB200FA1E22 /* PBXContainerItemProxy */;
		};
/* End PBXTargetDependency section */

/* Begin XCBuildConfiguration section */
		371C738F29A4AFB200FA1E22 /* Debug */ = {
			isa = XCBuildConfiguration;
			buildSettings = {
				ALWAYS_SEARCH_USER_PATHS = NO;
				CLANG_ANALYZER_NONNULL = YES;
				CLANG_ANALYZER_NUMBER_OBJECT_CONVERSION = YES_AGGRESSIVE;
				CLANG_CXX_LANGUAGE_STANDARD = "gnu++20";
				CLANG_ENABLE_MODULES = YES;
				CLANG_ENABLE_OBJC_ARC = YES;
				CLANG_ENABLE_OBJC_WEAK = YES;
				CLANG_WARN_BLOCK_CAPTURE_AUTORELEASING = YES;
				CLANG_WARN_BOOL_CONVERSION = YES;
				CLANG_WARN_COMMA = YES;
				CLANG_WARN_CONSTANT_CONVERSION = YES;
				CLANG_WARN_DEPRECATED_OBJC_IMPLEMENTATIONS = YES;
				CLANG_WARN_DIRECT_OBJC_ISA_USAGE = YES_ERROR;
				CLANG_WARN_DOCUMENTATION_COMMENTS = YES;
				CLANG_WARN_EMPTY_BODY = YES;
				CLANG_WARN_ENUM_CONVERSION = YES;
				CLANG_WARN_INFINITE_RECURSION = YES;
				CLANG_WARN_INT_CONVERSION = YES;
				CLANG_WARN_NON_LITERAL_NULL_CONVERSION = YES;
				CLANG_WARN_OBJC_IMPLICIT_RETAIN_SELF = YES;
				CLANG_WARN_OBJC_LITERAL_CONVERSION = YES;
				CLANG_WARN_OBJC_ROOT_CLASS = YES_ERROR;
				CLANG_WARN_QUOTED_INCLUDE_IN_FRAMEWORK_HEADER = YES;
				CLANG_WARN_RANGE_LOOP_ANALYSIS = YES;
				CLANG_WARN_STRICT_PROTOTYPES = YES;
				CLANG_WARN_SUSPICIOUS_MOVE = YES;
				CLANG_WARN_UNGUARDED_AVAILABILITY = YES_AGGRESSIVE;
				CLANG_WARN_UNREACHABLE_CODE = YES;
				CLANG_WARN__DUPLICATE_METHOD_MATCH = YES;
				COPY_PHASE_STRIP = NO;
				DEBUG_INFORMATION_FORMAT = dwarf;
				ENABLE_STRICT_OBJC_MSGSEND = YES;
				ENABLE_TESTABILITY = YES;
				GCC_C_LANGUAGE_STANDARD = gnu11;
				GCC_DYNAMIC_NO_PIC = NO;
				GCC_NO_COMMON_BLOCKS = YES;
				GCC_OPTIMIZATION_LEVEL = 0;
				GCC_PREPROCESSOR_DEFINITIONS = (
					"DEBUG=1",
					"$(inherited)",
				);
				GCC_WARN_64_TO_32_BIT_CONVERSION = YES;
				GCC_WARN_ABOUT_RETURN_TYPE = YES_ERROR;
				GCC_WARN_UNDECLARED_SELECTOR = YES;
				GCC_WARN_UNINITIALIZED_AUTOS = YES_AGGRESSIVE;
				GCC_WARN_UNUSED_FUNCTION = YES;
				GCC_WARN_UNUSED_VARIABLE = YES;
				IPHONEOS_DEPLOYMENT_TARGET = 16.2;
				MTL_ENABLE_DEBUG_INFO = INCLUDE_SOURCE;
				MTL_FAST_MATH = YES;
				ONLY_ACTIVE_ARCH = YES;
				SDKROOT = iphoneos;
				SWIFT_ACTIVE_COMPILATION_CONDITIONS = DEBUG;
				SWIFT_OPTIMIZATION_LEVEL = "-Onone";
			};
			name = Debug;
		};
		371C739029A4AFB200FA1E22 /* Release */ = {
			isa = XCBuildConfiguration;
			buildSettings = {
				ALWAYS_SEARCH_USER_PATHS = NO;
				CLANG_ANALYZER_NONNULL = YES;
				CLANG_ANALYZER_NUMBER_OBJECT_CONVERSION = YES_AGGRESSIVE;
				CLANG_CXX_LANGUAGE_STANDARD = "gnu++20";
				CLANG_ENABLE_MODULES = YES;
				CLANG_ENABLE_OBJC_ARC = YES;
				CLANG_ENABLE_OBJC_WEAK = YES;
				CLANG_WARN_BLOCK_CAPTURE_AUTORELEASING = YES;
				CLANG_WARN_BOOL_CONVERSION = YES;
				CLANG_WARN_COMMA = YES;
				CLANG_WARN_CONSTANT_CONVERSION = YES;
				CLANG_WARN_DEPRECATED_OBJC_IMPLEMENTATIONS = YES;
				CLANG_WARN_DIRECT_OBJC_ISA_USAGE = YES_ERROR;
				CLANG_WARN_DOCUMENTATION_COMMENTS = YES;
				CLANG_WARN_EMPTY_BODY = YES;
				CLANG_WARN_ENUM_CONVERSION = YES;
				CLANG_WARN_INFINITE_RECURSION = YES;
				CLANG_WARN_INT_CONVERSION = YES;
				CLANG_WARN_NON_LITERAL_NULL_CONVERSION = YES;
				CLANG_WARN_OBJC_IMPLICIT_RETAIN_SELF = YES;
				CLANG_WARN_OBJC_LITERAL_CONVERSION = YES;
				CLANG_WARN_OBJC_ROOT_CLASS = YES_ERROR;
				CLANG_WARN_QUOTED_INCLUDE_IN_FRAMEWORK_HEADER = YES;
				CLANG_WARN_RANGE_LOOP_ANALYSIS = YES;
				CLANG_WARN_STRICT_PROTOTYPES = YES;
				CLANG_WARN_SUSPICIOUS_MOVE = YES;
				CLANG_WARN_UNGUARDED_AVAILABILITY = YES_AGGRESSIVE;
				CLANG_WARN_UNREACHABLE_CODE = YES;
				CLANG_WARN__DUPLICATE_METHOD_MATCH = YES;
				COPY_PHASE_STRIP = NO;
				DEBUG_INFORMATION_FORMAT = "dwarf-with-dsym";
				ENABLE_NS_ASSERTIONS = NO;
				ENABLE_STRICT_OBJC_MSGSEND = YES;
				GCC_C_LANGUAGE_STANDARD = gnu11;
				GCC_NO_COMMON_BLOCKS = YES;
				GCC_WARN_64_TO_32_BIT_CONVERSION = YES;
				GCC_WARN_ABOUT_RETURN_TYPE = YES_ERROR;
				GCC_WARN_UNDECLARED_SELECTOR = YES;
				GCC_WARN_UNINITIALIZED_AUTOS = YES_AGGRESSIVE;
				GCC_WARN_UNUSED_FUNCTION = YES;
				GCC_WARN_UNUSED_VARIABLE = YES;
				IPHONEOS_DEPLOYMENT_TARGET = 16.2;
				MTL_ENABLE_DEBUG_INFO = NO;
				MTL_FAST_MATH = YES;
				SDKROOT = iphoneos;
				SWIFT_COMPILATION_MODE = wholemodule;
				SWIFT_OPTIMIZATION_LEVEL = "-O";
				VALIDATE_PRODUCT = YES;
			};
			name = Release;
		};
		371C739229A4AFB200FA1E22 /* Debug */ = {
			isa = XCBuildConfiguration;
			baseConfigurationReference = 775E72F0F0545CEB1D76ABD6 /* Pods-Router.debug.xcconfig */;
			buildSettings = {
				ASSETCATALOG_COMPILER_APPICON_NAME = AppIcon;
				ASSETCATALOG_COMPILER_GLOBAL_ACCENT_COLOR_NAME = AccentColor;
				CODE_SIGN_STYLE = Automatic;
				CURRENT_PROJECT_VERSION = 1;
				DEVELOPMENT_ASSET_PATHS = "\"Router/Preview Content\"";
				DEVELOPMENT_TEAM = 3RPG64SDVF;
				ENABLE_PREVIEWS = YES;
				GENERATE_INFOPLIST_FILE = YES;
				INFOPLIST_FILE = Router/Info.plist;
				INFOPLIST_KEY_UIApplicationSceneManifest_Generation = YES;
				INFOPLIST_KEY_UIApplicationSupportsIndirectInputEvents = YES;
				INFOPLIST_KEY_UILaunchScreen_Generation = YES;
				INFOPLIST_KEY_UISupportedInterfaceOrientations = "UIInterfaceOrientationPortrait UIInterfaceOrientationPortraitUpsideDown";
				INFOPLIST_KEY_UISupportedInterfaceOrientations_iPad = "UIInterfaceOrientationLandscapeLeft UIInterfaceOrientationLandscapeRight UIInterfaceOrientationPortrait UIInterfaceOrientationPortraitUpsideDown";
				LD_RUNPATH_SEARCH_PATHS = (
					"$(inherited)",
					"@executable_path/Frameworks",
				);
				MARKETING_VERSION = 1.0;
				PRODUCT_BUNDLE_IDENTIFIER = com.SimpleRouter.gilgim2;
				PRODUCT_NAME = "$(TARGET_NAME)";
				SWIFT_EMIT_LOC_STRINGS = YES;
				SWIFT_VERSION = 5.0;
				TARGETED_DEVICE_FAMILY = "1,2";
			};
			name = Debug;
		};
		371C739329A4AFB200FA1E22 /* Release */ = {
			isa = XCBuildConfiguration;
			baseConfigurationReference = 106F2EE6E72355ADE068422D /* Pods-Router.release.xcconfig */;
			buildSettings = {
				ASSETCATALOG_COMPILER_APPICON_NAME = AppIcon;
				ASSETCATALOG_COMPILER_GLOBAL_ACCENT_COLOR_NAME = AccentColor;
				CODE_SIGN_STYLE = Automatic;
				CURRENT_PROJECT_VERSION = 1;
				DEVELOPMENT_ASSET_PATHS = "\"Router/Preview Content\"";
				DEVELOPMENT_TEAM = 3RPG64SDVF;
				ENABLE_PREVIEWS = YES;
				GENERATE_INFOPLIST_FILE = YES;
				INFOPLIST_FILE = Router/Info.plist;
				INFOPLIST_KEY_UIApplicationSceneManifest_Generation = YES;
				INFOPLIST_KEY_UIApplicationSupportsIndirectInputEvents = YES;
				INFOPLIST_KEY_UILaunchScreen_Generation = YES;
				INFOPLIST_KEY_UISupportedInterfaceOrientations = "UIInterfaceOrientationPortrait UIInterfaceOrientationPortraitUpsideDown";
				INFOPLIST_KEY_UISupportedInterfaceOrientations_iPad = "UIInterfaceOrientationLandscapeLeft UIInterfaceOrientationLandscapeRight UIInterfaceOrientationPortrait UIInterfaceOrientationPortraitUpsideDown";
				LD_RUNPATH_SEARCH_PATHS = (
					"$(inherited)",
					"@executable_path/Frameworks",
				);
				MARKETING_VERSION = 1.0;
				PRODUCT_BUNDLE_IDENTIFIER = com.SimpleRouter.gilgim2;
				PRODUCT_NAME = "$(TARGET_NAME)";
				SWIFT_EMIT_LOC_STRINGS = YES;
				SWIFT_VERSION = 5.0;
				TARGETED_DEVICE_FAMILY = "1,2";
			};
			name = Release;
		};
		371C739529A4AFB200FA1E22 /* Debug */ = {
			isa = XCBuildConfiguration;
			baseConfigurationReference = CCB2076143801CFFEC69548A /* Pods-RouterTests.debug.xcconfig */;
			buildSettings = {
				ALWAYS_EMBED_SWIFT_STANDARD_LIBRARIES = YES;
				BUNDLE_LOADER = "$(TEST_HOST)";
				CODE_SIGN_STYLE = Automatic;
				CURRENT_PROJECT_VERSION = 1;
				DEVELOPMENT_TEAM = 3RPG64SDVF;
				GENERATE_INFOPLIST_FILE = YES;
				IPHONEOS_DEPLOYMENT_TARGET = 16.2;
				MARKETING_VERSION = 1.0;
				PRODUCT_BUNDLE_IDENTIFIER = com.RouterTests;
				PRODUCT_NAME = "$(TARGET_NAME)";
				SWIFT_EMIT_LOC_STRINGS = NO;
				SWIFT_VERSION = 5.0;
				TARGETED_DEVICE_FAMILY = "1,2";
				TEST_HOST = "$(BUILT_PRODUCTS_DIR)/Router.app/$(BUNDLE_EXECUTABLE_FOLDER_PATH)/Router";
			};
			name = Debug;
		};
		371C739629A4AFB200FA1E22 /* Release */ = {
			isa = XCBuildConfiguration;
			baseConfigurationReference = CB204A5BBB62ACDC59E5058A /* Pods-RouterTests.release.xcconfig */;
			buildSettings = {
				ALWAYS_EMBED_SWIFT_STANDARD_LIBRARIES = YES;
				BUNDLE_LOADER = "$(TEST_HOST)";
				CODE_SIGN_STYLE = Automatic;
				CURRENT_PROJECT_VERSION = 1;
				DEVELOPMENT_TEAM = 3RPG64SDVF;
				GENERATE_INFOPLIST_FILE = YES;
				IPHONEOS_DEPLOYMENT_TARGET = 16.2;
				MARKETING_VERSION = 1.0;
				PRODUCT_BUNDLE_IDENTIFIER = com.RouterTests;
				PRODUCT_NAME = "$(TARGET_NAME)";
				SWIFT_EMIT_LOC_STRINGS = NO;
				SWIFT_VERSION = 5.0;
				TARGETED_DEVICE_FAMILY = "1,2";
				TEST_HOST = "$(BUILT_PRODUCTS_DIR)/Router.app/$(BUNDLE_EXECUTABLE_FOLDER_PATH)/Router";
			};
			name = Release;
		};
		371C739829A4AFB200FA1E22 /* Debug */ = {
			isa = XCBuildConfiguration;
			baseConfigurationReference = FA4053D08811CA511CA1F1A0 /* Pods-Router-RouterUITests.debug.xcconfig */;
			buildSettings = {
				ALWAYS_EMBED_SWIFT_STANDARD_LIBRARIES = YES;
				CODE_SIGN_STYLE = Automatic;
				CURRENT_PROJECT_VERSION = 1;
				DEVELOPMENT_TEAM = 3RPG64SDVF;
				GENERATE_INFOPLIST_FILE = YES;
				MARKETING_VERSION = 1.0;
				PRODUCT_BUNDLE_IDENTIFIER = com.RouterUITests;
				PRODUCT_NAME = "$(TARGET_NAME)";
				SWIFT_EMIT_LOC_STRINGS = NO;
				SWIFT_VERSION = 5.0;
				TARGETED_DEVICE_FAMILY = "1,2";
				TEST_TARGET_NAME = Router;
			};
			name = Debug;
		};
		371C739929A4AFB200FA1E22 /* Release */ = {
			isa = XCBuildConfiguration;
			baseConfigurationReference = 5F478B6FCA43C8FAD8D68992 /* Pods-Router-RouterUITests.release.xcconfig */;
			buildSettings = {
				ALWAYS_EMBED_SWIFT_STANDARD_LIBRARIES = YES;
				CODE_SIGN_STYLE = Automatic;
				CURRENT_PROJECT_VERSION = 1;
				DEVELOPMENT_TEAM = 3RPG64SDVF;
				GENERATE_INFOPLIST_FILE = YES;
				MARKETING_VERSION = 1.0;
				PRODUCT_BUNDLE_IDENTIFIER = com.RouterUITests;
				PRODUCT_NAME = "$(TARGET_NAME)";
				SWIFT_EMIT_LOC_STRINGS = NO;
				SWIFT_VERSION = 5.0;
				TARGETED_DEVICE_FAMILY = "1,2";
				TEST_TARGET_NAME = Router;
			};
			name = Release;
		};
/* End XCBuildConfiguration section */

/* Begin XCConfigurationList section */
		371C736829A4AFB000FA1E22 /* Build configuration list for PBXProject "Router" */ = {
			isa = XCConfigurationList;
			buildConfigurations = (
				371C738F29A4AFB200FA1E22 /* Debug */,
				371C739029A4AFB200FA1E22 /* Release */,
			);
			defaultConfigurationIsVisible = 0;
			defaultConfigurationName = Release;
		};
		371C739129A4AFB200FA1E22 /* Build configuration list for PBXNativeTarget "Router" */ = {
			isa = XCConfigurationList;
			buildConfigurations = (
				371C739229A4AFB200FA1E22 /* Debug */,
				371C739329A4AFB200FA1E22 /* Release */,
			);
			defaultConfigurationIsVisible = 0;
			defaultConfigurationName = Release;
		};
		371C739429A4AFB200FA1E22 /* Build configuration list for PBXNativeTarget "RouterTests" */ = {
			isa = XCConfigurationList;
			buildConfigurations = (
				371C739529A4AFB200FA1E22 /* Debug */,
				371C739629A4AFB200FA1E22 /* Release */,
			);
			defaultConfigurationIsVisible = 0;
			defaultConfigurationName = Release;
		};
		371C739729A4AFB200FA1E22 /* Build configuration list for PBXNativeTarget "RouterUITests" */ = {
			isa = XCConfigurationList;
			buildConfigurations = (
				371C739829A4AFB200FA1E22 /* Debug */,
				371C739929A4AFB200FA1E22 /* Release */,
			);
			defaultConfigurationIsVisible = 0;
			defaultConfigurationName = Release;
		};
/* End XCConfigurationList section */
	};
	rootObject = 371C736529A4AFB000FA1E22 /* Project object */;
}
